PODS:
  - Alamofire (4.7.2)
  - GYHttpMock (1.0.1)

DEPENDENCIES:
  - Alamofire (~> 4.7)
  - GYHttpMock

SPEC REPOS:
  https://github.com/cocoapods/specs.git:
    - Alamofire
    - GYHttpMock

SPEC CHECKSUMS:
  Alamofire: e4fa87002c137ba2d8d634d2c51fabcda0d5c223
  GYHttpMock: ad08e55ce8bde4e7f7b4d0cbc79ff23c1311658b

PODFILE CHECKSUM: 43aa976fe0d0c34302972617b963ab2458a0f6fa

COCOAPODS: 1.5.3
