PODS:
  - Alamofire (4.7.2)
  - GYHttpMock (1.0.0)

DEPENDENCIES:
  - Alamofire (~> 4.7)
  - GYHttpMock (from `https://github.com/zhudongfang/GYHttpMock.git`)

SPEC REPOS:
  https://github.com/cocoapods/specs.git:
    - Alamofire

EXTERNAL SOURCES:
  GYHttpMock:
    :git: https://github.com/zhudongfang/GYHttpMock.git

CHECKOUT OPTIONS:
  GYHttpMock:
    :commit: f262f62c8c2930c1988013d2718d09c8db62b483
    :git: https://github.com/zhudongfang/GYHttpMock.git

SPEC CHECKSUMS:
  Alamofire: e4fa87002c137ba2d8d634d2c51fabcda0d5c223
  GYHttpMock: b479480c5862603ce38d7d23973a73671c173dd2

PODFILE CHECKSUM: bc298c16deb08d68a869b7ae60062f79e3aea533

COCOAPODS: 1.5.3
