// !$*UTF8*$!
{
	archiveVersion = 1;
	classes = {
	};
	objectVersion = 50;
	objects = {

/* Begin PBXBuildFile section */
		B25CF9F12105F3C0007CBE7A /* AppDelegate.swift in Sources */ = {isa = PBXBuildFile; fileRef = B25CF9F02105F3C0007CBE7A /* AppDelegate.swift */; };
		B25CF9F32105F3C0007CBE7A /* ViewController.swift in Sources */ = {isa = PBXBuildFile; fileRef = B25CF9F22105F3C0007CBE7A /* ViewController.swift */; };
		B25CF9F62105F3C0007CBE7A /* Main.storyboard in Resources */ = {isa = PBXBuildFile; fileRef = B25CF9F42105F3C0007CBE7A /* Main.storyboard */; };
		B25CF9F82105F3C1007CBE7A /* Assets.xcassets in Resources */ = {isa = PBXBuildFile; fileRef = B25CF9F72105F3C1007CBE7A /* Assets.xcassets */; };
		B25CF9FB2105F3C1007CBE7A /* LaunchScreen.storyboard in Resources */ = {isa = PBXBuildFile; fileRef = B25CF9F92105F3C1007CBE7A /* LaunchScreen.storyboard */; };
		B25CFA052105F654007CBE7A /* ApiClient.swift in Sources */ = {isa = PBXBuildFile; fileRef = B25CFA042105F654007CBE7A /* ApiClient.swift */; };
		B25CFA072105F711007CBE7A /* Person.swift in Sources */ = {isa = PBXBuildFile; fileRef = B25CFA062105F711007CBE7A /* Person.swift */; };
		DF9F2C55E9BD5ED547C23E70 /* Pods_MockDemo_Swift.framework in Frameworks */ = {isa = PBXBuildFile; fileRef = F26E9A182F6EEA7F127A75EF /* Pods_MockDemo_Swift.framework */; };
/* End PBXBuildFile section */

/* Begin PBXFileReference section */
		4AB7EA0248A4DEABECF3C6D3 /* Pods-MockDemo-Swift.release.xcconfig */ = {isa = PBXFileReference; includeInIndex = 1; lastKnownFileType = text.xcconfig; name = "Pods-MockDemo-Swift.release.xcconfig"; path = "Pods/Target Support Files/Pods-MockDemo-Swift/Pods-MockDemo-Swift.release.xcconfig"; sourceTree = "<group>"; };
		B25CF9ED2105F3C0007CBE7A /* MockDemo-Swift.app */ = {isa = PBXFileReference; explicitFileType = wrapper.application; includeInIndex = 0; path = "MockDemo-Swift.app"; sourceTree = BUILT_PRODUCTS_DIR; };
		B25CF9F02105F3C0007CBE7A /* AppDelegate.swift */ = {isa = PBXFileReference; lastKnownFileType = sourcecode.swift; path = AppDelegate.swift; sourceTree = "<group>"; };
		B25CF9F22105F3C0007CBE7A /* ViewController.swift */ = {isa = PBXFileReference; lastKnownFileType = sourcecode.swift; path = ViewController.swift; sourceTree = "<group>"; };
		B25CF9F52105F3C0007CBE7A /* Base */ = {isa = PBXFileReference; lastKnownFileType = file.storyboard; name = Base; path = Base.lproj/Main.storyboard; sourceTree = "<group>"; };
		B25CF9F72105F3C1007CBE7A /* Assets.xcassets */ = {isa = PBXFileReference; lastKnownFileType = folder.assetcatalog; path = Assets.xcassets; sourceTree = "<group>"; };
		B25CF9FA2105F3C1007CBE7A /* Base */ = {isa = PBXFileReference; lastKnownFileType = file.storyboard; name = Base; path = Base.lproj/LaunchScreen.storyboard; sourceTree = "<group>"; };
		B25CF9FC2105F3C1007CBE7A /* Info.plist */ = {isa = PBXFileReference; lastKnownFileType = text.plist.xml; path = Info.plist; sourceTree = "<group>"; };
		B25CFA042105F654007CBE7A /* ApiClient.swift */ = {isa = PBXFileReference; lastKnownFileType = sourcecode.swift; path = ApiClient.swift; sourceTree = "<group>"; };
		B25CFA062105F711007CBE7A /* Person.swift */ = {isa = PBXFileReference; lastKnownFileType = sourcecode.swift; path = Person.swift; sourceTree = "<group>"; };
		EA0FE9239D3DBE9546FE687B /* Pods-MockDemo-Swift.debug.xcconfig */ = {isa = PBXFileReference; includeInIndex = 1; lastKnownFileType = text.xcconfig; name = "Pods-MockDemo-Swift.debug.xcconfig"; path = "Pods/Target Support Files/Pods-MockDemo-Swift/Pods-MockDemo-Swift.debug.xcconfig"; sourceTree = "<group>"; };
		F26E9A182F6EEA7F127A75EF /* Pods_MockDemo_Swift.framework */ = {isa = PBXFileReference; explicitFileType = wrapper.framework; includeInIndex = 0; path = Pods_MockDemo_Swift.framework; sourceTree = BUILT_PRODUCTS_DIR; };
/* End PBXFileReference section */

/* Begin PBXFrameworksBuildPhase section */
		B25CF9EA2105F3C0007CBE7A /* Frameworks */ = {
			isa = PBXFrameworksBuildPhase;
			buildActionMask = 2147483647;
			files = (
				DF9F2C55E9BD5ED547C23E70 /* Pods_MockDemo_Swift.framework in Frameworks */,
			);
			runOnlyForDeploymentPostprocessing = 0;
		};
/* End PBXFrameworksBuildPhase section */

/* Begin PBXGroup section */
		43C4308A46756D07DAFDF66A /* Pods */ = {
			isa = PBXGroup;
			children = (
				EA0FE9239D3DBE9546FE687B /* Pods-MockDemo-Swift.debug.xcconfig */,
				4AB7EA0248A4DEABECF3C6D3 /* Pods-MockDemo-Swift.release.xcconfig */,
			);
			name = Pods;
			sourceTree = "<group>";
		};
		A0E997F8503DA7F4FA3777E5 /* Frameworks */ = {
			isa = PBXGroup;
			children = (
				F26E9A182F6EEA7F127A75EF /* Pods_MockDemo_Swift.framework */,
			);
			name = Frameworks;
			sourceTree = "<group>";
		};
		B25CF9E42105F3C0007CBE7A = {
			isa = PBXGroup;
			children = (
				B25CF9EF2105F3C0007CBE7A /* MockDemo-Swift */,
				B25CF9EE2105F3C0007CBE7A /* Products */,
				43C4308A46756D07DAFDF66A /* Pods */,
				A0E997F8503DA7F4FA3777E5 /* Frameworks */,
			);
			sourceTree = "<group>";
		};
		B25CF9EE2105F3C0007CBE7A /* Products */ = {
			isa = PBXGroup;
			children = (
				B25CF9ED2105F3C0007CBE7A /* MockDemo-Swift.app */,
			);
			name = Products;
			sourceTree = "<group>";
		};
		B25CF9EF2105F3C0007CBE7A /* MockDemo-Swift */ = {
			isa = PBXGroup;
			children = (
				B25CF9F02105F3C0007CBE7A /* AppDelegate.swift */,
				B25CF9F22105F3C0007CBE7A /* ViewController.swift */,
				B25CFA062105F711007CBE7A /* Person.swift */,
				B25CFA042105F654007CBE7A /* ApiClient.swift */,
				B25CF9F42105F3C0007CBE7A /* Main.storyboard */,
				B25CF9F72105F3C1007CBE7A /* Assets.xcassets */,
				B25CF9F92105F3C1007CBE7A /* LaunchScreen.storyboard */,
				B25CF9FC2105F3C1007CBE7A /* Info.plist */,
			);
			path = "MockDemo-Swift";
			sourceTree = "<group>";
		};
/* End PBXGroup section */

/* Begin PBXNativeTarget section */
		B25CF9EC2105F3C0007CBE7A /* MockDemo-Swift */ = {
			isa = PBXNativeTarget;
			buildConfigurationList = B25CF9FF2105F3C1007CBE7A /* Build configuration list for PBXNativeTarget "MockDemo-Swift" */;
			buildPhases = (
				EA2FEC66838ECAD2D2D80B49 /* [CP] Check Pods Manifest.lock */,
				B25CF9E92105F3C0007CBE7A /* Sources */,
				B25CF9EA2105F3C0007CBE7A /* Frameworks */,
				B25CF9EB2105F3C0007CBE7A /* Resources */,
				41C42973BF306BB3DAE62701 /* [CP] Embed Pods Frameworks */,
			);
			buildRules = (
			);
			dependencies = (
			);
			name = "MockDemo-Swift";
			productName = "MockDemo-Swift";
			productReference = B25CF9ED2105F3C0007CBE7A /* MockDemo-Swift.app */;
			productType = "com.apple.product-type.application";
		};
/* End PBXNativeTarget section */

/* Begin PBXProject section */
		B25CF9E52105F3C0007CBE7A /* Project object */ = {
			isa = PBXProject;
			attributes = {
				CLASSPREFIX = PG;
				LastSwiftUpdateCheck = 0930;
				LastUpgradeCheck = 0930;
				ORGANIZATIONNAME = LuckyPig;
				TargetAttributes = {
					B25CF9EC2105F3C0007CBE7A = {
						CreatedOnToolsVersion = 9.3.1;
					};
				};
			};
			buildConfigurationList = B25CF9E82105F3C0007CBE7A /* Build configuration list for PBXProject "MockDemo-Swift" */;
			compatibilityVersion = "Xcode 9.3";
			developmentRegion = en;
			hasScannedForEncodings = 0;
			knownRegions = (
				en,
				Base,
			);
			mainGroup = B25CF9E42105F3C0007CBE7A;
			productRefGroup = B25CF9EE2105F3C0007CBE7A /* Products */;
			projectDirPath = "";
			projectRoot = "";
			targets = (
				B25CF9EC2105F3C0007CBE7A /* MockDemo-Swift */,
			);
		};
/* End PBXProject section */

/* Begin PBXResourcesBuildPhase section */
		B25CF9EB2105F3C0007CBE7A /* Resources */ = {
			isa = PBXResourcesBuildPhase;
			buildActionMask = 2147483647;
			files = (
				B25CF9FB2105F3C1007CBE7A /* LaunchScreen.storyboard in Resources */,
				B25CF9F82105F3C1007CBE7A /* Assets.xcassets in Resources */,
				B25CF9F62105F3C0007CBE7A /* Main.storyboard in Resources */,
			);
			runOnlyForDeploymentPostprocessing = 0;
		};
/* End PBXResourcesBuildPhase section */

/* Begin PBXShellScriptBuildPhase section */
		41C42973BF306BB3DAE62701 /* [CP] Embed Pods Frameworks */ = {
			isa = PBXShellScriptBuildPhase;
			buildActionMask = 2147483647;
			files = (
			);
			inputPaths = (
				"${SRCROOT}/Pods/Target Support Files/Pods-MockDemo-Swift/Pods-MockDemo-Swift-frameworks.sh",
				"${BUILT_PRODUCTS_DIR}/Alamofire/Alamofire.framework",
				"${BUILT_PRODUCTS_DIR}/OHHTTPStubs/OHHTTPStubs.framework",
			);
			name = "[CP] Embed Pods Frameworks";
			outputPaths = (
				"${TARGET_BUILD_DIR}/${FRAMEWORKS_FOLDER_PATH}/Alamofire.framework",
				"${TARGET_BUILD_DIR}/${FRAMEWORKS_FOLDER_PATH}/OHHTTPStubs.framework",
			);
			runOnlyForDeploymentPostprocessing = 0;
			shellPath = /bin/sh;
			shellScript = "\"${SRCROOT}/Pods/Target Support Files/Pods-MockDemo-Swift/Pods-MockDemo-Swift-frameworks.sh\"\n";
			showEnvVarsInLog = 0;
		};
		EA2FEC66838ECAD2D2D80B49 /* [CP] Check Pods Manifest.lock */ = {
			isa = PBXShellScriptBuildPhase;
			buildActionMask = 2147483647;
			files = (
			);
			inputPaths = (
				"${PODS_PODFILE_DIR_PATH}/Podfile.lock",
				"${PODS_ROOT}/Manifest.lock",
			);
			name = "[CP] Check Pods Manifest.lock";
			outputPaths = (
				"$(DERIVED_FILE_DIR)/Pods-MockDemo-Swift-checkManifestLockResult.txt",
			);
			runOnlyForDeploymentPostprocessing = 0;
			shellPath = /bin/sh;
			shellScript = "diff \"${PODS_PODFILE_DIR_PATH}/Podfile.lock\" \"${PODS_ROOT}/Manifest.lock\" > /dev/null\nif [ $? != 0 ] ; then\n    # print error to STDERR\n    echo \"error: The sandbox is not in sync with the Podfile.lock. Run 'pod install' or update your CocoaPods installation.\" >&2\n    exit 1\nfi\n# This output is used by Xcode 'outputs' to avoid re-running this script phase.\necho \"SUCCESS\" > \"${SCRIPT_OUTPUT_FILE_0}\"\n";
			showEnvVarsInLog = 0;
		};
/* End PBXShellScriptBuildPhase section */

/* Begin PBXSourcesBuildPhase section */
		B25CF9E92105F3C0007CBE7A /* Sources */ = {
			isa = PBXSourcesBuildPhase;
			buildActionMask = 2147483647;
			files = (
				B25CF9F32105F3C0007CBE7A /* ViewController.swift in Sources */,
				B25CFA052105F654007CBE7A /* ApiClient.swift in Sources */,
				B25CFA072105F711007CBE7A /* Person.swift in Sources */,
				B25CF9F12105F3C0007CBE7A /* AppDelegate.swift in Sources */,
			);
			runOnlyForDeploymentPostprocessing = 0;
		};
/* End PBXSourcesBuildPhase section */

/* Begin PBXVariantGroup section */
		B25CF9F42105F3C0007CBE7A /* Main.storyboard */ = {
			isa = PBXVariantGroup;
			children = (
				B25CF9F52105F3C0007CBE7A /* Base */,
			);
			name = Main.storyboard;
			sourceTree = "<group>";
		};
		B25CF9F92105F3C1007CBE7A /* LaunchScreen.storyboard */ = {
			isa = PBXVariantGroup;
			children = (
				B25CF9FA2105F3C1007CBE7A /* Base */,
			);
			name = LaunchScreen.storyboard;
			sourceTree = "<group>";
		};
/* End PBXVariantGroup section */

/* Begin XCBuildConfiguration section */
		B25CF9FD2105F3C1007CBE7A /* Debug */ = {
			isa = XCBuildConfiguration;
			buildSettings = {
				ALWAYS_SEARCH_USER_PATHS = NO;
				CLANG_ANALYZER_NONNULL = YES;
				CLANG_ANALYZER_NUMBER_OBJECT_CONVERSION = YES_AGGRESSIVE;
				CLANG_CXX_LANGUAGE_STANDARD = "gnu++14";
				CLANG_CXX_LIBRARY = "libc++";
				CLANG_ENABLE_MODULES = YES;
				CLANG_ENABLE_OBJC_ARC = YES;
				CLANG_ENABLE_OBJC_WEAK = YES;
				CLANG_WARN_BLOCK_CAPTURE_AUTORELEASING = YES;
				CLANG_WARN_BOOL_CONVERSION = YES;
				CLANG_WARN_COMMA = YES;
				CLANG_WARN_CONSTANT_CONVERSION = YES;
				CLANG_WARN_DEPRECATED_OBJC_IMPLEMENTATIONS = YES;
				CLANG_WARN_DIRECT_OBJC_ISA_USAGE = YES_ERROR;
				CLANG_WARN_DOCUMENTATION_COMMENTS = YES;
				CLANG_WARN_EMPTY_BODY = YES;
				CLANG_WARN_ENUM_CONVERSION = YES;
				CLANG_WARN_INFINITE_RECURSION = YES;
				CLANG_WARN_INT_CONVERSION = YES;
				CLANG_WARN_NON_LITERAL_NULL_CONVERSION = YES;
				CLANG_WARN_OBJC_IMPLICIT_RETAIN_SELF = YES;
				CLANG_WARN_OBJC_LITERAL_CONVERSION = YES;
				CLANG_WARN_OBJC_ROOT_CLASS = YES_ERROR;
				CLANG_WARN_RANGE_LOOP_ANALYSIS = YES;
				CLANG_WARN_STRICT_PROTOTYPES = YES;
				CLANG_WARN_SUSPICIOUS_MOVE = YES;
				CLANG_WARN_UNGUARDED_AVAILABILITY = YES_AGGRESSIVE;
				CLANG_WARN_UNREACHABLE_CODE = YES;
				CLANG_WARN__DUPLICATE_METHOD_MATCH = YES;
				CODE_SIGN_IDENTITY = "iPhone Developer";
				COPY_PHASE_STRIP = NO;
				DEBUG_INFORMATION_FORMAT = dwarf;
				ENABLE_STRICT_OBJC_MSGSEND = YES;
				ENABLE_TESTABILITY = YES;
				GCC_C_LANGUAGE_STANDARD = gnu11;
				GCC_DYNAMIC_NO_PIC = NO;
				GCC_NO_COMMON_BLOCKS = YES;
				GCC_OPTIMIZATION_LEVEL = 0;
				GCC_PREPROCESSOR_DEFINITIONS = (
					"DEBUG=1",
					"$(inherited)",
				);
				GCC_WARN_64_TO_32_BIT_CONVERSION = YES;
				GCC_WARN_ABOUT_RETURN_TYPE = YES_ERROR;
				GCC_WARN_UNDECLARED_SELECTOR = YES;
				GCC_WARN_UNINITIALIZED_AUTOS = YES_AGGRESSIVE;
				GCC_WARN_UNUSED_FUNCTION = YES;
				GCC_WARN_UNUSED_VARIABLE = YES;
				IPHONEOS_DEPLOYMENT_TARGET = 11.3;
				MTL_ENABLE_DEBUG_INFO = YES;
				ONLY_ACTIVE_ARCH = YES;
				SDKROOT = iphoneos;
				SWIFT_ACTIVE_COMPILATION_CONDITIONS = DEBUG;
				SWIFT_OPTIMIZATION_LEVEL = "-Onone";
			};
			name = Debug;
		};
		B25CF9FE2105F3C1007CBE7A /* Release */ = {
			isa = XCBuildConfiguration;
			buildSettings = {
				ALWAYS_SEARCH_USER_PATHS = NO;
				CLANG_ANALYZER_NONNULL = YES;
				CLANG_ANALYZER_NUMBER_OBJECT_CONVERSION = YES_AGGRESSIVE;
				CLANG_CXX_LANGUAGE_STANDARD = "gnu++14";
				CLANG_CXX_LIBRARY = "libc++";
				CLANG_ENABLE_MODULES = YES;
				CLANG_ENABLE_OBJC_ARC = YES;
				CLANG_ENABLE_OBJC_WEAK = YES;
				CLANG_WARN_BLOCK_CAPTURE_AUTORELEASING = YES;
				CLANG_WARN_BOOL_CONVERSION = YES;
				CLANG_WARN_COMMA = YES;
				CLANG_WARN_CONSTANT_CONVERSION = YES;
				CLANG_WARN_DEPRECATED_OBJC_IMPLEMENTATIONS = YES;
				CLANG_WARN_DIRECT_OBJC_ISA_USAGE = YES_ERROR;
				CLANG_WARN_DOCUMENTATION_COMMENTS = YES;
				CLANG_WARN_EMPTY_BODY = YES;
				CLANG_WARN_ENUM_CONVERSION = YES;
				CLANG_WARN_INFINITE_RECURSION = YES;
				CLANG_WARN_INT_CONVERSION = YES;
				CLANG_WARN_NON_LITERAL_NULL_CONVERSION = YES;
				CLANG_WARN_OBJC_IMPLICIT_RETAIN_SELF = YES;
				CLANG_WARN_OBJC_LITERAL_CONVERSION = YES;
				CLANG_WARN_OBJC_ROOT_CLASS = YES_ERROR;
				CLANG_WARN_RANGE_LOOP_ANALYSIS = YES;
				CLANG_WARN_STRICT_PROTOTYPES = YES;
				CLANG_WARN_SUSPICIOUS_MOVE = YES;
				CLANG_WARN_UNGUARDED_AVAILABILITY = YES_AGGRESSIVE;
				CLANG_WARN_UNREACHABLE_CODE = YES;
				CLANG_WARN__DUPLICATE_METHOD_MATCH = YES;
				CODE_SIGN_IDENTITY = "iPhone Developer";
				COPY_PHASE_STRIP = NO;
				DEBUG_INFORMATION_FORMAT = "dwarf-with-dsym";
				ENABLE_NS_ASSERTIONS = NO;
				ENABLE_STRICT_OBJC_MSGSEND = YES;
				GCC_C_LANGUAGE_STANDARD = gnu11;
				GCC_NO_COMMON_BLOCKS = YES;
				GCC_WARN_64_TO_32_BIT_CONVERSION = YES;
				GCC_WARN_ABOUT_RETURN_TYPE = YES_ERROR;
				GCC_WARN_UNDECLARED_SELECTOR = YES;
				GCC_WARN_UNINITIALIZED_AUTOS = YES_AGGRESSIVE;
				GCC_WARN_UNUSED_FUNCTION = YES;
				GCC_WARN_UNUSED_VARIABLE = YES;
				IPHONEOS_DEPLOYMENT_TARGET = 11.3;
				MTL_ENABLE_DEBUG_INFO = NO;
				SDKROOT = iphoneos;
				SWIFT_COMPILATION_MODE = wholemodule;
				SWIFT_OPTIMIZATION_LEVEL = "-O";
				VALIDATE_PRODUCT = YES;
			};
			name = Release;
		};
		B25CFA002105F3C1007CBE7A /* Debug */ = {
			isa = XCBuildConfiguration;
			baseConfigurationReference = EA0FE9239D3DBE9546FE687B /* Pods-MockDemo-Swift.debug.xcconfig */;
			buildSettings = {
				ASSETCATALOG_COMPILER_APPICON_NAME = AppIcon;
				CODE_SIGN_STYLE = Manual;
				DEVELOPMENT_TEAM = "";
				INFOPLIST_FILE = "MockDemo-Swift/Info.plist";
				IPHONEOS_DEPLOYMENT_TARGET = 10;
				LD_RUNPATH_SEARCH_PATHS = (
					"$(inherited)",
					"@executable_path/Frameworks",
				);
				PRODUCT_BUNDLE_IDENTIFIER = "cn.luckypig.MockDemo-Swift";
				PRODUCT_NAME = "$(TARGET_NAME)";
				PROVISIONING_PROFILE_SPECIFIER = "";
				SWIFT_VERSION = 4.0;
				TARGETED_DEVICE_FAMILY = "1,2";
			};
			name = Debug;
		};
		B25CFA012105F3C1007CBE7A /* Release */ = {
			isa = XCBuildConfiguration;
			baseConfigurationReference = 4AB7EA0248A4DEABECF3C6D3 /* Pods-MockDemo-Swift.release.xcconfig */;
			buildSettings = {
				ASSETCATALOG_COMPILER_APPICON_NAME = AppIcon;
				CODE_SIGN_STYLE = Manual;
				DEVELOPMENT_TEAM = "";
				INFOPLIST_FILE = "MockDemo-Swift/Info.plist";
				IPHONEOS_DEPLOYMENT_TARGET = 10;
				LD_RUNPATH_SEARCH_PATHS = (
					"$(inherited)",
					"@executable_path/Frameworks",
				);
				PRODUCT_BUNDLE_IDENTIFIER = "cn.luckypig.MockDemo-Swift";
				PRODUCT_NAME = "$(TARGET_NAME)";
				PROVISIONING_PROFILE_SPECIFIER = "";
				SWIFT_VERSION = 4.0;
				TARGETED_DEVICE_FAMILY = "1,2";
			};
			name = Release;
		};
/* End XCBuildConfiguration section */

/* Begin XCConfigurationList section */
		B25CF9E82105F3C0007CBE7A /* Build configuration list for PBXProject "MockDemo-Swift" */ = {
			isa = XCConfigurationList;
			buildConfigurations = (
				B25CF9FD2105F3C1007CBE7A /* Debug */,
				B25CF9FE2105F3C1007CBE7A /* Release */,
			);
			defaultConfigurationIsVisible = 0;
			defaultConfigurationName = Release;
		};
		B25CF9FF2105F3C1007CBE7A /* Build configuration list for PBXNativeTarget "MockDemo-Swift" */ = {
			isa = XCConfigurationList;
			buildConfigurations = (
				B25CFA002105F3C1007CBE7A /* Debug */,
				B25CFA012105F3C1007CBE7A /* Release */,
			);
			defaultConfigurationIsVisible = 0;
			defaultConfigurationName = Release;
		};
/* End XCConfigurationList section */
	};
	rootObject = B25CF9E52105F3C0007CBE7A /* Project object */;
}
